
Microsoft Visual Studio Solution File, Format Version 12.00
# Visual Studio Version 17
VisualStudioVersion = 17.7.34031.279
MinimumVisualStudioVersion = 10.0.40219.1
Project("{FAE04EC0-301F-11D3-BF4B-00C04F79EFBC}") = "Test", "Test.csproj", "{78D467F8-3361-4CB0-A348-33B2D8B69999}"
EndProject
Global
	GlobalSection(SolutionConfigurationPlatforms) = preSolution
		Debug|Any CPU = Debug|Any CPU
		Release|Any CPU = Release|Any CPU
	EndGlobalSection
	GlobalSection(ProjectConfigurationPlatforms) = postSolution
		{78D467F8-3361-4CB0-A348-33B2D8B69999}.Debug|Any CPU.ActiveCfg = Debug|Any CPU
		{78D467F8-3361-4CB0-A348-33B2D8B69999}.Debug|Any CPU.Build.0 = Debug|Any CPU
		{78D467F8-3361-4CB0-A348-33B2D8B69999}.Release|Any CPU.ActiveCfg = Release|Any CPU
		{78D467F8-3361-4CB0-A348-33B2D8B69999}.Release|Any CPU.Build.0 = Release|Any CPU
	EndGlobalSection
	GlobalSection(SolutionProperties) = preSolution
		HideSolutionNode = FALSE
	EndGlobalSection
	GlobalSection(ExtensibilityGlobals) = postSolution
		SolutionGuid = {C5C9931E-945E-42EA-B1E0-BA165B38FFA4}
	EndGlobalSection
EndGlobal
