
Microsoft Visual Studio Solution File, Format Version 12.00
# Visual Studio Version 17
VisualStudioVersion = 17.7.34031.279
MinimumVisualStudioVersion = 10.0.40219.1
Project("{FAE04EC0-301F-11D3-BF4B-00C04F79EFBC}") = "Week1_Worksheet", "Week1_Worksheet.csproj", "{D28E8920-E200-4688-AD4F-9DA185CD2C0C}"
EndProject
Global
	GlobalSection(SolutionConfigurationPlatforms) = preSolution
		Debug|Any CPU = Debug|Any CPU
		Release|Any CPU = Release|Any CPU
	EndGlobalSection
	GlobalSection(ProjectConfigurationPlatforms) = postSolution
		{D28E8920-E200-4688-AD4F-9DA185CD2C0C}.Debug|Any CPU.ActiveCfg = Debug|Any CPU
		{D28E8920-E200-4688-AD4F-9DA185CD2C0C}.Debug|Any CPU.Build.0 = Debug|Any CPU
		{D28E8920-E200-4688-AD4F-9DA185CD2C0C}.Release|Any CPU.ActiveCfg = Release|Any CPU
		{D28E8920-E200-4688-AD4F-9DA185CD2C0C}.Release|Any CPU.Build.0 = Release|Any CPU
	EndGlobalSection
	GlobalSection(SolutionProperties) = preSolution
		HideSolutionNode = FALSE
	EndGlobalSection
	GlobalSection(ExtensibilityGlobals) = postSolution
		SolutionGuid = {C6045754-0D2A-46C7-BD48-37D82963BB9A}
	EndGlobalSection
EndGlobal
